
Microsoft Visual Studio Solution File, Format Version 12.00
# Visual Studio Version 16
VisualStudioVersion = 16.0.32228.343
MinimumVisualStudioVersion = 10.0.40219.1
Project("{8BC9CEB8-8B4A-11D0-8D11-00A0C91BC942}") = "MFCtest1", "MFCtest1.vcxproj", "{A2E1134E-74E9-4D3D-A7EE-34EA38313C61}"
EndProject
Global
	GlobalSection(SolutionConfigurationPlatforms) = preSolution
		Debug|x64 = Debug|x64
		Debug|x86 = Debug|x86
		Release|x64 = Release|x64
		Release|x86 = Release|x86
	EndGlobalSection
	GlobalSection(ProjectConfigurationPlatforms) = postSolution
		{A2E1134E-74E9-4D3D-A7EE-34EA38313C61}.Debug|x64.ActiveCfg = Debug|x64
		{A2E1134E-74E9-4D3D-A7EE-34EA38313C61}.Debug|x64.Build.0 = Debug|x64
		{A2E1134E-74E9-4D3D-A7EE-34EA38313C61}.Debug|x86.ActiveCfg = Debug|Win32
		{A2E1134E-74E9-4D3D-A7EE-34EA38313C61}.Debug|x86.Build.0 = Debug|Win32
		{A2E1134E-74E9-4D3D-A7EE-34EA38313C61}.Release|x64.ActiveCfg = Release|x64
		{A2E1134E-74E9-4D3D-A7EE-34EA38313C61}.Release|x64.Build.0 = Release|x64
		{A2E1134E-74E9-4D3D-A7EE-34EA38313C61}.Release|x86.ActiveCfg = Release|Win32
		{A2E1134E-74E9-4D3D-A7EE-34EA38313C61}.Release|x86.Build.0 = Release|Win32
	EndGlobalSection
	GlobalSection(SolutionProperties) = preSolution
		HideSolutionNode = FALSE
	EndGlobalSection
	GlobalSection(ExtensibilityGlobals) = postSolution
		SolutionGuid = {C2FD03CA-247C-4569-BF0E-996ED3138D4C}
	EndGlobalSection
EndGlobal
